{
  "requires": true,
  "lockfileVersion": 1,
  "dependencies": {
    "JSONSelect": {
      "version": "0.4.0",
      "resolved": "http://maven.adeo.no/nexus/content/groups/npm-all/JSONSelect/-/JSONSelect-0.4.0.tgz",
      "integrity": "sha1-oI7cxn6z/L6Z7WMIVTRKDPKCu40="
    },
    "argparse": {
      "version": "1.0.10",
      "resolved": "http://maven.adeo.no/nexus/content/groups/npm-all/argparse/-/argparse-1.0.10.tgz",
      "integrity": "sha512-o5Roy6tNG4SL/FOkCAN6RzjiakZS25RLYFrcMttJqbdd8BWrnA+fGz57iN5Pb06pvBGvl5gQ0B48dJlslXvoTg==",
      "requires": {
        "sprintf-js": "1.0.3"
      }
    },
    "call-me-maybe": {
      "version": "1.0.1",
      "resolved": "http://maven.adeo.no/nexus/content/groups/npm-all/call-me-maybe/-/call-me-maybe-1.0.1.tgz",
      "integrity": "sha1-JtII6onje1y95gJQoV8DHBak1ms="
    },
    "cjson": {
      "version": "0.2.1",
      "resolved": "http://maven.adeo.no/nexus/content/groups/npm-all/cjson/-/cjson-0.2.1.tgz",
      "integrity": "sha1-c82KrWXZ4VBfmvF0TTt5wVJ2gqU="
    },
    "colors": {
      "version": "0.5.1",
      "resolved": "http://maven.adeo.no/nexus/content/groups/npm-all/colors/-/colors-0.5.1.tgz",
      "integrity": "sha1-fQAj6usVTo7p/Oddy5I9DtFmd3Q="
    },
    "debug": {
      "version": "3.1.0",
      "resolved": "http://maven.adeo.no/nexus/content/groups/npm-all/debug/-/debug-3.1.0.tgz",
      "integrity": "sha512-OX8XqP7/1a9cqkxYw2yXss15f26NKWBpDXQd0/uK/KPqdQhxbPa994hnzjcE2VqQpDslf55723cKPUOGSmMY3g==",
      "requires": {
        "ms": "2.0.0"
      }
    },
    "deep-extend": {
      "version": "0.5.0",
      "resolved": "http://maven.adeo.no/nexus/content/groups/npm-all/deep-extend/-/deep-extend-0.5.0.tgz",
      "integrity": "sha1-bvSgmwX5iw41jW2T1Mo8rsZnKAM="
    },
    "deep-is": {
      "version": "0.1.3",
      "resolved": "http://maven.adeo.no/nexus/content/groups/npm-all/deep-is/-/deep-is-0.1.3.tgz",
      "integrity": "sha1-s2nW+128E+7PUk+RsHD+7cNXzzQ="
    },
    "deref": {
      "version": "0.7.3",
      "resolved": "http://maven.adeo.no/nexus/content/groups/npm-all/deref/-/deref-0.7.3.tgz",
      "integrity": "sha512-9ROdWS8nWgz/uJxYWIDZyEAP+oANSl/pNQO27GFJWptVVocqBQ95iKmcboxjvjPQ0rn3IpJcA450hIJpznzVLg==",
      "requires": {
        "deep-extend": "0.5.0"
      }
    },
    "drange": {
      "version": "1.0.0",
      "resolved": "http://maven.adeo.no/nexus/content/groups/npm-all/drange/-/drange-1.0.0.tgz",
      "integrity": "sha512-G3nVX4X4um76RWKzA+OMovFQdjU4rfEsC1NsDNQXgMvtZ14btchzckaOiXSHHvJAttqEXr4uG5g9EJEoidinQg=="
    },
    "ebnf-parser": {
      "version": "0.1.10",
      "resolved": "http://maven.adeo.no/nexus/content/groups/npm-all/ebnf-parser/-/ebnf-parser-0.1.10.tgz",
      "integrity": "sha1-zR9rpHfFY4xAyX7ZtXLbW6tdgzE="
    },
    "escodegen": {
      "version": "0.0.21",
      "resolved": "http://maven.adeo.no/nexus/content/groups/npm-all/escodegen/-/escodegen-0.0.21.tgz",
      "integrity": "sha1-U9ZSz6EDA4gnlFilJmxf/HCcY8M=",
      "requires": {
        "esprima": "1.0.4",
        "estraverse": "0.0.4",
        "source-map": "0.7.1"
      },
      "dependencies": {
        "esprima": {
          "version": "1.0.4",
          "resolved": "http://maven.adeo.no/nexus/content/groups/npm-all/esprima/-/esprima-1.0.4.tgz",
          "integrity": "sha1-n1V+CPw7TSbs6d00+Pv0drYlha0="
        }
      }
    },
    "esprima": {
      "version": "4.0.0",
      "resolved": "http://maven.adeo.no/nexus/content/groups/npm-all/esprima/-/esprima-4.0.0.tgz",
      "integrity": "sha512-oftTcaMu/EGrEIu904mWteKIv8vMuOgGYo7EhVJJN00R/EED9DCua/xxHRdYnKtcECzVg7xOWhflvJMnqcFZjw=="
    },
    "estraverse": {
      "version": "0.0.4",
      "resolved": "http://maven.adeo.no/nexus/content/groups/npm-all/estraverse/-/estraverse-0.0.4.tgz",
      "integrity": "sha1-AaCTLf7ldGhKWYr1pnw7+bZCjbI="
    },
    "esutils": {
      "version": "2.0.2",
      "resolved": "http://maven.adeo.no/nexus/content/groups/npm-all/esutils/-/esutils-2.0.2.tgz",
      "integrity": "sha1-Cr9PHKpbyx96nYrMbepPqqBLrJs="
    },
    "fast-levenshtein": {
      "version": "2.0.6",
      "resolved": "http://maven.adeo.no/nexus/content/groups/npm-all/fast-levenshtein/-/fast-levenshtein-2.0.6.tgz",
      "integrity": "sha1-PYpcZog6FqMMqGQ+hR8Zuqd5eRc="
    },
    "format-util": {
      "version": "1.0.3",
      "resolved": "http://maven.adeo.no/nexus/content/groups/npm-all/format-util/-/format-util-1.0.3.tgz",
      "integrity": "sha1-Ay3KShFiYqEsQ/TD7IVmQWxbLZU="
    },
    "jison": {
      "version": "0.4.13",
      "resolved": "http://maven.adeo.no/nexus/content/groups/npm-all/jison/-/jison-0.4.13.tgz",
      "integrity": "sha1-kEFwfWIkE2f1iDRTK58ZwsNvrHg=",
      "requires": {
        "JSONSelect": "0.4.0",
        "cjson": "0.2.1",
        "ebnf-parser": "0.1.10",
        "escodegen": "0.0.21",
        "esprima": "1.0.4",
        "jison-lex": "0.2.1",
        "lex-parser": "0.1.4",
        "nomnom": "1.5.2"
      },
      "dependencies": {
        "esprima": {
          "version": "1.0.4",
          "resolved": "http://maven.adeo.no/nexus/content/groups/npm-all/esprima/-/esprima-1.0.4.tgz",
          "integrity": "sha1-n1V+CPw7TSbs6d00+Pv0drYlha0="
        }
      }
    },
    "jison-lex": {
      "version": "0.2.1",
      "resolved": "http://maven.adeo.no/nexus/content/groups/npm-all/jison-lex/-/jison-lex-0.2.1.tgz",
      "integrity": "sha1-rEuBXozOUTLrErXfz+jXB7iETf4=",
      "requires": {
        "lex-parser": "0.1.4",
        "nomnom": "1.5.2"
      }
    },
    "js-yaml": {
      "version": "3.10.0",
      "resolved": "http://maven.adeo.no/nexus/content/groups/npm-all/js-yaml/-/js-yaml-3.10.0.tgz",
      "integrity": "sha512-O2v52ffjLa9VeM43J4XocZE//WT9N0IiwDa3KSHH7Tu8CtH+1qM8SIZvnsTh6v+4yFy5KUY3BHUVwjpfAWsjIA==",
      "requires": {
        "argparse": "1.0.10",
        "esprima": "4.0.0"
      }
    },
    "json-schema-faker": {
      "version": "0.5.0-rc13",
      "resolved": "http://maven.adeo.no/nexus/content/groups/npm-all/json-schema-faker/-/json-schema-faker-0.5.0-rc13.tgz",
      "integrity": "sha512-sew7BgbpkmBHEk/O+X5FxsNhsDhPRlgjIhiwTh2i2cIcBYbSmtyprIWu2fRG35h6cl30mW+sKBS6vJbjymN62w==",
      "requires": {
        "deref": "0.7.3",
        "json-schema-ref-parser": "4.1.0",
        "jsonpath": "1.0.0",
        "randexp": "0.4.8",
        "tslib": "1.9.0"
      },
      "dependencies": {
        "json-schema-ref-parser": {
          "version": "4.1.0",
          "resolved": "http://maven.adeo.no/nexus/content/groups/npm-all/json-schema-ref-parser/-/json-schema-ref-parser-4.1.0.tgz",
          "integrity": "sha512-xiTwbw9Bl9HLEKjFSUfTJmdMSTBaGvV/qjbEMzM5Db3rEBIMWgz/pFtzxZxeuc+s3gYkInUCMZl/8qc1bRPHkQ==",
          "requires": {
            "call-me-maybe": "1.0.1",
            "debug": "3.1.0",
            "js-yaml": "3.10.0",
            "ono": "4.0.3"
          }
        }
      }
    },
    "jsonpath": {
      "version": "1.0.0",
      "resolved": "http://maven.adeo.no/nexus/content/groups/npm-all/jsonpath/-/jsonpath-1.0.0.tgz",
      "integrity": "sha1-Rc2dTE0NaCXZC9fkD4PxGCsT3Qc=",
      "requires": {
        "esprima": "1.2.2",
        "jison": "0.4.13",
        "static-eval": "2.0.0",
        "underscore": "1.7.0"
      },
      "dependencies": {
        "esprima": {
          "version": "1.2.2",
          "resolved": "http://maven.adeo.no/nexus/content/groups/npm-all/esprima/-/esprima-1.2.2.tgz",
          "integrity": "sha1-dqD9Zvz+FU/SkmZ9wmQBl1CxZXs="
        }
      }
    },
    "levn": {
      "version": "0.3.0",
      "resolved": "http://maven.adeo.no/nexus/content/groups/npm-all/levn/-/levn-0.3.0.tgz",
      "integrity": "sha1-OwmSTt+fCDwEkP3UwLxEIeBHZO4=",
      "requires": {
        "prelude-ls": "1.1.2",
        "type-check": "0.3.2"
      }
    },
    "lex-parser": {
      "version": "0.1.4",
      "resolved": "http://maven.adeo.no/nexus/content/groups/npm-all/lex-parser/-/lex-parser-0.1.4.tgz",
      "integrity": "sha1-ZMTwJfF/1Tv7RXY/rrFvAVp0dVA="
    },
    "ms": {
      "version": "2.0.0",
      "resolved": "http://maven.adeo.no/nexus/content/groups/npm-all/ms/-/ms-2.0.0.tgz",
      "integrity": "sha1-VgiurfwAvmwpAd9fmGF4jeDVl8g="
    },
    "nomnom": {
      "version": "1.5.2",
      "resolved": "http://maven.adeo.no/nexus/content/groups/npm-all/nomnom/-/nomnom-1.5.2.tgz",
      "integrity": "sha1-9DRUSKhTz71cDSYyDyR3qwUm/i8=",
      "requires": {
        "colors": "0.5.1",
        "underscore": "1.1.7"
      },
      "dependencies": {
        "underscore": {
          "version": "1.1.7",
          "resolved": "http://maven.adeo.no/nexus/content/groups/npm-all/underscore/-/underscore-1.1.7.tgz",
          "integrity": "sha1-QLq4S60Z0jAJbo1u9ii/8FXYPbA="
        }
      }
    },
    "ono": {
      "version": "4.0.3",
      "resolved": "http://maven.adeo.no/nexus/content/groups/npm-all/ono/-/ono-4.0.3.tgz",
      "integrity": "sha512-7QIxG4UB00H7CR7fhXC/U7VhB5DK9wsYLwaYBui1JmQoXtLkhIBn3fbuk6FgAP+ctWeBsWVTM+R/bThvUZN+ww==",
      "requires": {
        "format-util": "1.0.3"
      }
    },
    "optionator": {
      "version": "0.8.2",
      "resolved": "http://maven.adeo.no/nexus/content/groups/npm-all/optionator/-/optionator-0.8.2.tgz",
      "integrity": "sha1-NkxeQJ0/TWMB1sC0wFu6UBgK62Q=",
      "requires": {
        "deep-is": "0.1.3",
        "fast-levenshtein": "2.0.6",
        "levn": "0.3.0",
        "prelude-ls": "1.1.2",
        "type-check": "0.3.2",
        "wordwrap": "1.0.0"
      }
    },
    "prelude-ls": {
      "version": "1.1.2",
      "resolved": "http://maven.adeo.no/nexus/content/groups/npm-all/prelude-ls/-/prelude-ls-1.1.2.tgz",
      "integrity": "sha1-IZMqVJ9eUv/ZqCf1cOBL5iqX2lQ="
    },
    "randexp": {
      "version": "0.4.8",
      "resolved": "http://maven.adeo.no/nexus/content/groups/npm-all/randexp/-/randexp-0.4.8.tgz",
      "integrity": "sha512-COhNxfv+1mPP8p7McJiULikEeXL4E8Kc2tllQl6kN3RUprdwAuL9V2UM0cpBiNUkQdMNwplyIRS/sPZraECDoA==",
      "requires": {
        "drange": "1.0.0",
        "ret": "0.2.2"
      }
    },
    "ret": {
      "version": "0.2.2",
      "resolved": "http://maven.adeo.no/nexus/content/groups/npm-all/ret/-/ret-0.2.2.tgz",
      "integrity": "sha512-M0b3YWQs7R3Z917WRQy1HHA7Ba7D8hvZg6UE5mLykJxQVE2ju0IXbGlaHPPlkY+WN7wFP+wUMXmBFA0aV6vYGQ=="
    },
    "source-map": {
      "version": "0.7.1",
      "resolved": "http://maven.adeo.no/nexus/content/groups/npm-all/source-map/-/source-map-0.7.1.tgz",
      "integrity": "sha512-c+mPk+5wTnOd1y9oyVp0EQIo3N8k8gdxzxOo7jq1ApEN2+ew5c/UV+F1wtNHeS6Aa4JPsxiq5OU+95aMpRTGJA==",
      "optional": true
    },
    "sprintf-js": {
      "version": "1.0.3",
      "resolved": "http://maven.adeo.no/nexus/content/groups/npm-all/sprintf-js/-/sprintf-js-1.0.3.tgz",
      "integrity": "sha1-BOaSb2YolTVPPdAVIDYzuFcpfiw="
    },
    "static-eval": {
      "version": "2.0.0",
      "resolved": "http://maven.adeo.no/nexus/content/groups/npm-all/static-eval/-/static-eval-2.0.0.tgz",
      "integrity": "sha512-6flshd3F1Gwm+Ksxq463LtFd1liC77N/PX1FVVc3OzL3hAmo2fwHFbuArkcfi7s9rTNsLEhcRmXGFZhlgy40uw==",
      "requires": {
        "escodegen": "1.9.0"
      },
      "dependencies": {
        "escodegen": {
          "version": "1.9.0",
          "resolved": "http://maven.adeo.no/nexus/content/groups/npm-all/escodegen/-/escodegen-1.9.0.tgz",
          "integrity": "sha512-v0MYvNQ32bzwoG2OSFzWAkuahDQHK92JBN0pTAALJ4RIxEZe766QJPDR8Hqy7XNUy5K3fnVL76OqYAdc4TZEIw==",
          "requires": {
            "esprima": "3.1.3",
            "estraverse": "4.2.0",
            "esutils": "2.0.2",
            "optionator": "0.8.2",
            "source-map": "0.5.7"
          }
        },
        "esprima": {
          "version": "3.1.3",
          "resolved": "http://maven.adeo.no/nexus/content/groups/npm-all/esprima/-/esprima-3.1.3.tgz",
          "integrity": "sha1-/cpRzuYTOJXjyI1TXOSdv/YqRjM="
        },
        "estraverse": {
          "version": "4.2.0",
          "resolved": "http://maven.adeo.no/nexus/content/groups/npm-all/estraverse/-/estraverse-4.2.0.tgz",
          "integrity": "sha1-De4/7TH81GlhjOc0IJn8GvoL2xM="
        },
        "source-map": {
          "version": "0.5.7",
          "resolved": "http://maven.adeo.no/nexus/content/groups/npm-all/source-map/-/source-map-0.5.7.tgz",
          "integrity": "sha1-igOdLRAh0i0eoUyA2OpGi6LvP8w=",
          "optional": true
        }
      }
    },
    "tslib": {
      "version": "1.9.0",
      "resolved": "http://maven.adeo.no/nexus/content/groups/npm-all/tslib/-/tslib-1.9.0.tgz",
      "integrity": "sha512-f/qGG2tUkrISBlQZEjEqoZ3B2+npJjIf04H1wuAv9iA8i04Icp+61KRXxFdha22670NJopsZCIjhC3SnjPRKrQ=="
    },
    "type-check": {
      "version": "0.3.2",
      "resolved": "http://maven.adeo.no/nexus/content/groups/npm-all/type-check/-/type-check-0.3.2.tgz",
      "integrity": "sha1-WITKtRLPHTVeP7eE8wgEsrUg23I=",
      "requires": {
        "prelude-ls": "1.1.2"
      }
    },
    "underscore": {
      "version": "1.7.0",
      "resolved": "http://maven.adeo.no/nexus/content/groups/npm-all/underscore/-/underscore-1.7.0.tgz",
      "integrity": "sha1-a7rwh3UA02vjTsqlhODbn+8DUgk="
    },
    "wordwrap": {
      "version": "1.0.0",
      "resolved": "http://maven.adeo.no/nexus/content/groups/npm-all/wordwrap/-/wordwrap-1.0.0.tgz",
      "integrity": "sha1-J1hIEIkUVqQXHI0CJkQa3pDLyus="
    }
  }
}
